
Microsoft Visual Studio Solution File, Format Version 12.00
# Visual Studio Version 17
VisualStudioVersion = 17.2.32616.157
MinimumVisualStudioVersion = 10.0.40219.1
Project("{9A19103F-16F7-4668-BE54-9A1E7A4F7556}") = "SMSDigitalCodingProject", "SMSDigitalCodingProject\SMSDigitalCodingProject.csproj", "{7F3D7751-3B35-4CE4-9A2E-2AF1AB15E15C}"
EndProject
Project("{FAE04EC0-301F-11D3-BF4B-00C04F79EFBC}") = "SMSDigitalTest", "SMSDigitalTest\SMSDigitalTest.csproj", "{F2979DAC-CB4E-4A03-83F7-22AAAA058788}"
EndProject
Global
	GlobalSection(SolutionConfigurationPlatforms) = preSolution
		Debug|Any CPU = Debug|Any CPU
		Release|Any CPU = Release|Any CPU
	EndGlobalSection
	GlobalSection(ProjectConfigurationPlatforms) = postSolution
		{7F3D7751-3B35-4CE4-9A2E-2AF1AB15E15C}.Debug|Any CPU.ActiveCfg = Debug|Any CPU
		{7F3D7751-3B35-4CE4-9A2E-2AF1AB15E15C}.Debug|Any CPU.Build.0 = Debug|Any CPU
		{7F3D7751-3B35-4CE4-9A2E-2AF1AB15E15C}.Release|Any CPU.ActiveCfg = Release|Any CPU
		{7F3D7751-3B35-4CE4-9A2E-2AF1AB15E15C}.Release|Any CPU.Build.0 = Release|Any CPU
		{F2979DAC-CB4E-4A03-83F7-22AAAA058788}.Debug|Any CPU.ActiveCfg = Debug|Any CPU
		{F2979DAC-CB4E-4A03-83F7-22AAAA058788}.Debug|Any CPU.Build.0 = Debug|Any CPU
		{F2979DAC-CB4E-4A03-83F7-22AAAA058788}.Release|Any CPU.ActiveCfg = Release|Any CPU
		{F2979DAC-CB4E-4A03-83F7-22AAAA058788}.Release|Any CPU.Build.0 = Release|Any CPU
	EndGlobalSection
	GlobalSection(SolutionProperties) = preSolution
		HideSolutionNode = FALSE
	EndGlobalSection
	GlobalSection(ExtensibilityGlobals) = postSolution
		SolutionGuid = {F92A0900-C602-4D04-9DEB-394FDB9FE2FA}
	EndGlobalSection
EndGlobal
